// !$*UTF8*$!
{
	archiveVersion = 1;
	classes = {
	};
	objectVersion = 46;
	objects = {

/* Begin PBXBuildFile section */
		3F154E491B7E19B600494114 /* KeyChainRequest.swift in Sources */ = {isa = PBXBuildFile; fileRef = 3F154E471B7E19B600494114 /* KeyChainRequest.swift */; };
		3F154E4A1B7E19B600494114 /* KeyChain.swift in Sources */ = {isa = PBXBuildFile; fileRef = 3F154E481B7E19B600494114 /* KeyChain.swift */; };
		3F1DD77C1B28A4320081FE34 /* AppDelegate.swift in Sources */ = {isa = PBXBuildFile; fileRef = 3F1DD77B1B28A4320081FE34 /* AppDelegate.swift */; };
		3F1DD77F1B28A4320081FE34 /* UatsApp.xcdatamodeld in Sources */ = {isa = PBXBuildFile; fileRef = 3F1DD77D1B28A4320081FE34 /* UatsApp.xcdatamodeld */; };
		3F1DD7811B28A4320081FE34 /* ViewController.swift in Sources */ = {isa = PBXBuildFile; fileRef = 3F1DD7801B28A4320081FE34 /* ViewController.swift */; };
		3F1DD7861B28A4320081FE34 /* Images.xcassets in Resources */ = {isa = PBXBuildFile; fileRef = 3F1DD7851B28A4320081FE34 /* Images.xcassets */; };
		3F1DD7891B28A4320081FE34 /* LaunchScreen.xib in Resources */ = {isa = PBXBuildFile; fileRef = 3F1DD7871B28A4320081FE34 /* LaunchScreen.xib */; };
		3F1DD7951B28A4330081FE34 /* UatsAppTests.swift in Sources */ = {isa = PBXBuildFile; fileRef = 3F1DD7941B28A4330081FE34 /* UatsAppTests.swift */; };
		3F6560641B5D3BE4001BF3C1 /* History.swift in Sources */ = {isa = PBXBuildFile; fileRef = 3F6560631B5D3BE4001BF3C1 /* History.swift */; };
		3F7585DC1B5A96C400192B1C /* tab_messages@2x.png in Resources */ = {isa = PBXBuildFile; fileRef = 3F7585DB1B5A96C400192B1C /* tab_messages@2x.png */; };
		3F7DE5561B558281005954FC /* msg.ico in Resources */ = {isa = PBXBuildFile; fileRef = 3F7DE5551B558281005954FC /* msg.ico */; };
		3F7DE5581B5582CE005954FC /* msg@2x.ico in Resources */ = {isa = PBXBuildFile; fileRef = 3F7DE5571B5582CE005954FC /* msg@2x.ico */; };
		3F7DE55E1B56B8DF005954FC /* UsersListVC.swift in Sources */ = {isa = PBXBuildFile; fileRef = 3F7DE55D1B56B8DF005954FC /* UsersListVC.swift */; };
		3F7DE5601B56C518005954FC /* ChatViewController.swift in Sources */ = {isa = PBXBuildFile; fileRef = 3F7DE55F1B56C518005954FC /* ChatViewController.swift */; };
		3F7DE5631B57BFE2005954FC /* Users.swift in Sources */ = {isa = PBXBuildFile; fileRef = 3F7DE5621B57BFE2005954FC /* Users.swift */; };
		3F7DE5651B5802AD005954FC /* bck.jpg in Resources */ = {isa = PBXBuildFile; fileRef = 3F7DE5641B5802AD005954FC /* bck.jpg */; };
		3F8ACEE61B60E2C600B412CC /* Bolts.framework in Frameworks */ = {isa = PBXBuildFile; fileRef = 3F8ACEE21B60E2C600B412CC /* Bolts.framework */; };
		3F8ACEE71B60E2C600B412CC /* FBSDKCoreKit.framework in Frameworks */ = {isa = PBXBuildFile; fileRef = 3F8ACEE31B60E2C600B412CC /* FBSDKCoreKit.framework */; };
		3F8ACEE81B60E2C600B412CC /* FBSDKLoginKit.framework in Frameworks */ = {isa = PBXBuildFile; fileRef = 3F8ACEE41B60E2C600B412CC /* FBSDKLoginKit.framework */; };
		3F8ACEE91B60E2C600B412CC /* FBSDKMessengerShareKit.framework in Frameworks */ = {isa = PBXBuildFile; fileRef = 3F8ACEE51B60E2C600B412CC /* FBSDKMessengerShareKit.framework */; };
		3F8ACEEE1B61323900B412CC /* UatsAppVC.swift in Sources */ = {isa = PBXBuildFile; fileRef = 3F8ACEED1B61323900B412CC /* UatsAppVC.swift */; };
		3F9B21341B6FEA4700D5123E /* FriendListVC.swift in Sources */ = {isa = PBXBuildFile; fileRef = 3F9B21331B6FEA4700D5123E /* FriendListVC.swift */; };
		3F9B21361B6FED6900D5123E /* FriendList.swift in Sources */ = {isa = PBXBuildFile; fileRef = 3F9B21351B6FED6900D5123E /* FriendList.swift */; };
		3FD49D3E1B28BCC80029218E /* enrollment_background.jpg in Resources */ = {isa = PBXBuildFile; fileRef = 3FD49D3D1B28BCC80029218E /* enrollment_background.jpg */; };
		3FD49D401B28C9FE0029218E /* LoginVC.swift in Sources */ = {isa = PBXBuildFile; fileRef = 3FD49D3F1B28C9FE0029218E /* LoginVC.swift */; };
		3FD49D421B28CBE10029218E /* SignupVC.swift in Sources */ = {isa = PBXBuildFile; fileRef = 3FD49D411B28CBE10029218E /* SignupVC.swift */; };
		3FD49D471B28D82D0029218E /* Main.storyboard in Resources */ = {isa = PBXBuildFile; fileRef = 3FD49D451B28D82D0029218E /* Main.storyboard */; };
		5230A1FBE479994D0A10C1DF /* Pods.framework in Frameworks */ = {isa = PBXBuildFile; fileRef = E6105AEB7DC7FA7B69A9B7C6 /* Pods.framework */; settings = {ATTRIBUTES = (Weak, ); }; };
		525762291B676E39008CC78F /* socketManager.swift in Sources */ = {isa = PBXBuildFile; fileRef = 525762281B676E39008CC78F /* socketManager.swift */; };
		5284F05E1B67EABF0038583B /* ReceivedMessageDelegate.swift in Sources */ = {isa = PBXBuildFile; fileRef = 5284F05D1B67EABF0038583B /* ReceivedMessageDelegate.swift */; };
/* End PBXBuildFile section */

/* Begin PBXContainerItemProxy section */
		3F1DD78F1B28A4330081FE34 /* PBXContainerItemProxy */ = {
			isa = PBXContainerItemProxy;
			containerPortal = 3F1DD76E1B28A4310081FE34 /* Project object */;
			proxyType = 1;
			remoteGlobalIDString = 3F1DD7751B28A4310081FE34;
			remoteInfo = UatsApp;
		};
/* End PBXContainerItemProxy section */

/* Begin PBXFileReference section */
		3080E396B577E8F1966CD697 /* Pods.debug.xcconfig */ = {isa = PBXFileReference; includeInIndex = 1; lastKnownFileType = text.xcconfig; name = Pods.debug.xcconfig; path = "Pods/Target Support Files/Pods/Pods.debug.xcconfig"; sourceTree = "<group>"; };
		3F154E471B7E19B600494114 /* KeyChainRequest.swift */ = {isa = PBXFileReference; fileEncoding = 4; lastKnownFileType = sourcecode.swift; path = KeyChainRequest.swift; sourceTree = "<group>"; };
		3F154E481B7E19B600494114 /* KeyChain.swift */ = {isa = PBXFileReference; fileEncoding = 4; lastKnownFileType = sourcecode.swift; path = KeyChain.swift; sourceTree = "<group>"; };
		3F1DD7761B28A4320081FE34 /* UatsApp.app */ = {isa = PBXFileReference; explicitFileType = wrapper.application; includeInIndex = 0; path = UatsApp.app; sourceTree = BUILT_PRODUCTS_DIR; };
		3F1DD77A1B28A4320081FE34 /* Info.plist */ = {isa = PBXFileReference; lastKnownFileType = text.plist.xml; path = Info.plist; sourceTree = "<group>"; };
		3F1DD77B1B28A4320081FE34 /* AppDelegate.swift */ = {isa = PBXFileReference; lastKnownFileType = sourcecode.swift; path = AppDelegate.swift; sourceTree = "<group>"; };
		3F1DD77E1B28A4320081FE34 /* UatsApp.xcdatamodel */ = {isa = PBXFileReference; lastKnownFileType = wrapper.xcdatamodel; path = UatsApp.xcdatamodel; sourceTree = "<group>"; };
		3F1DD7801B28A4320081FE34 /* ViewController.swift */ = {isa = PBXFileReference; lastKnownFileType = sourcecode.swift; path = ViewController.swift; sourceTree = "<group>"; };
		3F1DD7851B28A4320081FE34 /* Images.xcassets */ = {isa = PBXFileReference; lastKnownFileType = folder.assetcatalog; path = Images.xcassets; sourceTree = "<group>"; };
		3F1DD7881B28A4320081FE34 /* Base */ = {isa = PBXFileReference; lastKnownFileType = file.xib; name = Base; path = Base.lproj/LaunchScreen.xib; sourceTree = "<group>"; };
		3F1DD78E1B28A4330081FE34 /* UatsAppTests.xctest */ = {isa = PBXFileReference; explicitFileType = wrapper.cfbundle; includeInIndex = 0; path = UatsAppTests.xctest; sourceTree = BUILT_PRODUCTS_DIR; };
		3F1DD7931B28A4330081FE34 /* Info.plist */ = {isa = PBXFileReference; lastKnownFileType = text.plist.xml; path = Info.plist; sourceTree = "<group>"; };
		3F1DD7941B28A4330081FE34 /* UatsAppTests.swift */ = {isa = PBXFileReference; lastKnownFileType = sourcecode.swift; path = UatsAppTests.swift; sourceTree = "<group>"; };
		3F6560631B5D3BE4001BF3C1 /* History.swift */ = {isa = PBXFileReference; fileEncoding = 4; lastKnownFileType = sourcecode.swift; path = History.swift; sourceTree = "<group>"; };
		3F7585DB1B5A96C400192B1C /* tab_messages@2x.png */ = {isa = PBXFileReference; lastKnownFileType = image.png; path = "tab_messages@2x.png"; sourceTree = "<group>"; };
		3F7DE5551B558281005954FC /* msg.ico */ = {isa = PBXFileReference; lastKnownFileType = image.ico; path = msg.ico; sourceTree = "<group>"; };
		3F7DE5571B5582CE005954FC /* msg@2x.ico */ = {isa = PBXFileReference; lastKnownFileType = image.ico; path = "msg@2x.ico"; sourceTree = "<group>"; };
		3F7DE55D1B56B8DF005954FC /* UsersListVC.swift */ = {isa = PBXFileReference; fileEncoding = 4; lastKnownFileType = sourcecode.swift; path = UsersListVC.swift; sourceTree = "<group>"; };
		3F7DE55F1B56C518005954FC /* ChatViewController.swift */ = {isa = PBXFileReference; fileEncoding = 4; lastKnownFileType = sourcecode.swift; path = ChatViewController.swift; sourceTree = "<group>"; };
		3F7DE5621B57BFE2005954FC /* Users.swift */ = {isa = PBXFileReference; fileEncoding = 4; lastKnownFileType = sourcecode.swift; path = Users.swift; sourceTree = "<group>"; };
		3F7DE5641B5802AD005954FC /* bck.jpg */ = {isa = PBXFileReference; lastKnownFileType = image.jpeg; path = bck.jpg; sourceTree = "<group>"; };
		3F8ACEE21B60E2C600B412CC /* Bolts.framework */ = {isa = PBXFileReference; lastKnownFileType = wrapper.framework; name = Bolts.framework; path = UatsApp/Bolts.framework; sourceTree = "<group>"; };
		3F8ACEE31B60E2C600B412CC /* FBSDKCoreKit.framework */ = {isa = PBXFileReference; lastKnownFileType = wrapper.framework; name = FBSDKCoreKit.framework; path = UatsApp/FBSDKCoreKit.framework; sourceTree = "<group>"; };
		3F8ACEE41B60E2C600B412CC /* FBSDKLoginKit.framework */ = {isa = PBXFileReference; lastKnownFileType = wrapper.framework; name = FBSDKLoginKit.framework; path = UatsApp/FBSDKLoginKit.framework; sourceTree = "<group>"; };
		3F8ACEE51B60E2C600B412CC /* FBSDKMessengerShareKit.framework */ = {isa = PBXFileReference; lastKnownFileType = wrapper.framework; name = FBSDKMessengerShareKit.framework; path = UatsApp/FBSDKMessengerShareKit.framework; sourceTree = "<group>"; };
		3F8ACEEA1B60E3AC00B412CC /* Bridging-Header.h */ = {isa = PBXFileReference; lastKnownFileType = sourcecode.c.h; path = "Bridging-Header.h"; sourceTree = "<group>"; };
		3F8ACEED1B61323900B412CC /* UatsAppVC.swift */ = {isa = PBXFileReference; fileEncoding = 4; lastKnownFileType = sourcecode.swift; path = UatsAppVC.swift; sourceTree = "<group>"; };
		3F9B21331B6FEA4700D5123E /* FriendListVC.swift */ = {isa = PBXFileReference; fileEncoding = 4; lastKnownFileType = sourcecode.swift; path = FriendListVC.swift; sourceTree = "<group>"; };
		3F9B21351B6FED6900D5123E /* FriendList.swift */ = {isa = PBXFileReference; fileEncoding = 4; lastKnownFileType = sourcecode.swift; path = FriendList.swift; sourceTree = "<group>"; };
		3FD49D3D1B28BCC80029218E /* enrollment_background.jpg */ = {isa = PBXFileReference; lastKnownFileType = image.jpeg; path = enrollment_background.jpg; sourceTree = "<group>"; };
		3FD49D3F1B28C9FE0029218E /* LoginVC.swift */ = {isa = PBXFileReference; fileEncoding = 4; lastKnownFileType = sourcecode.swift; path = LoginVC.swift; sourceTree = "<group>"; };
		3FD49D411B28CBE10029218E /* SignupVC.swift */ = {isa = PBXFileReference; fileEncoding = 4; lastKnownFileType = sourcecode.swift; path = SignupVC.swift; sourceTree = "<group>"; };
		3FD49D461B28D82D0029218E /* Base */ = {isa = PBXFileReference; lastKnownFileType = file.storyboard; name = Base; path = Base.lproj/Main.storyboard; sourceTree = "<group>"; };
		525762281B676E39008CC78F /* socketManager.swift */ = {isa = PBXFileReference; fileEncoding = 4; lastKnownFileType = sourcecode.swift; path = socketManager.swift; sourceTree = "<group>"; };
		5284F05D1B67EABF0038583B /* ReceivedMessageDelegate.swift */ = {isa = PBXFileReference; fileEncoding = 4; lastKnownFileType = sourcecode.swift; path = ReceivedMessageDelegate.swift; sourceTree = "<group>"; };
		C67D60E815D3BA9C502089EF /* Pods.release.xcconfig */ = {isa = PBXFileReference; includeInIndex = 1; lastKnownFileType = text.xcconfig; name = Pods.release.xcconfig; path = "Pods/Target Support Files/Pods/Pods.release.xcconfig"; sourceTree = "<group>"; };
		E6105AEB7DC7FA7B69A9B7C6 /* Pods.framework */ = {isa = PBXFileReference; explicitFileType = wrapper.framework; includeInIndex = 0; path = Pods.framework; sourceTree = BUILT_PRODUCTS_DIR; };
/* End PBXFileReference section */

/* Begin PBXFrameworksBuildPhase section */
		3F1DD7731B28A4310081FE34 /* Frameworks */ = {
			isa = PBXFrameworksBuildPhase;
			buildActionMask = 2147483647;
			files = (
				5230A1FBE479994D0A10C1DF /* Pods.framework in Frameworks */,
				3F8ACEE71B60E2C600B412CC /* FBSDKCoreKit.framework in Frameworks */,
				3F8ACEE91B60E2C600B412CC /* FBSDKMessengerShareKit.framework in Frameworks */,
				3F8ACEE81B60E2C600B412CC /* FBSDKLoginKit.framework in Frameworks */,
				3F8ACEE61B60E2C600B412CC /* Bolts.framework in Frameworks */,
			);
			runOnlyForDeploymentPostprocessing = 0;
		};
		3F1DD78B1B28A4330081FE34 /* Frameworks */ = {
			isa = PBXFrameworksBuildPhase;
			buildActionMask = 2147483647;
			files = (
			);
			runOnlyForDeploymentPostprocessing = 0;
		};
/* End PBXFrameworksBuildPhase section */

/* Begin PBXGroup section */
		3F154E461B7E19A500494114 /* KeyChainWrapper */ = {
			isa = PBXGroup;
			children = (
				3F154E471B7E19B600494114 /* KeyChainRequest.swift */,
				3F154E481B7E19B600494114 /* KeyChain.swift */,
			);
			name = KeyChainWrapper;
			sourceTree = "<group>";
		};
		3F1DD76D1B28A4310081FE34 = {
			isa = PBXGroup;
			children = (
				3F1DD7781B28A4320081FE34 /* UatsApp */,
				3F1DD7911B28A4330081FE34 /* UatsAppTests */,
				3F1DD7771B28A4320081FE34 /* Products */,
				581D701BD5ABC6C2E4FD535E /* Pods */,
				E91833B9ABA142E7327506FB /* Frameworks */,
			);
			sourceTree = "<group>";
		};
		3F1DD7771B28A4320081FE34 /* Products */ = {
			isa = PBXGroup;
			children = (
				3F1DD7761B28A4320081FE34 /* UatsApp.app */,
				3F1DD78E1B28A4330081FE34 /* UatsAppTests.xctest */,
			);
			name = Products;
			sourceTree = "<group>";
		};
		3F1DD7781B28A4320081FE34 /* UatsApp */ = {
			isa = PBXGroup;
			children = (
				3F154E461B7E19A500494114 /* KeyChainWrapper */,
				3F7DE5611B57BFC1005954FC /* Data */,
				3F7DE5521B5580DB005954FC /* Res */,
				3FD49D3C1B28BC2A0029218E /* Resources */,
				3F1DD77B1B28A4320081FE34 /* AppDelegate.swift */,
				3F1DD7801B28A4320081FE34 /* ViewController.swift */,
				3F1DD7851B28A4320081FE34 /* Images.xcassets */,
				3FD49D451B28D82D0029218E /* Main.storyboard */,
				3F1DD7871B28A4320081FE34 /* LaunchScreen.xib */,
				3F1DD77D1B28A4320081FE34 /* UatsApp.xcdatamodeld */,
				3F1DD7791B28A4320081FE34 /* Supporting Files */,
				3FD49D3F1B28C9FE0029218E /* LoginVC.swift */,
				3F8ACEED1B61323900B412CC /* UatsAppVC.swift */,
				3F8ACEEA1B60E3AC00B412CC /* Bridging-Header.h */,
				3FD49D411B28CBE10029218E /* SignupVC.swift */,
				3F7DE55D1B56B8DF005954FC /* UsersListVC.swift */,
				3F7DE55F1B56C518005954FC /* ChatViewController.swift */,
				3F9B21331B6FEA4700D5123E /* FriendListVC.swift */,
			);
			path = UatsApp;
			sourceTree = "<group>";
		};
		3F1DD7791B28A4320081FE34 /* Supporting Files */ = {
			isa = PBXGroup;
			children = (
				3F1DD77A1B28A4320081FE34 /* Info.plist */,
			);
			name = "Supporting Files";
			sourceTree = "<group>";
		};
		3F1DD7911B28A4330081FE34 /* UatsAppTests */ = {
			isa = PBXGroup;
			children = (
				3F1DD7941B28A4330081FE34 /* UatsAppTests.swift */,
				3F1DD7921B28A4330081FE34 /* Supporting Files */,
			);
			path = UatsAppTests;
			sourceTree = "<group>";
		};
		3F1DD7921B28A4330081FE34 /* Supporting Files */ = {
			isa = PBXGroup;
			children = (
				3F1DD7931B28A4330081FE34 /* Info.plist */,
			);
			name = "Supporting Files";
			sourceTree = "<group>";
		};
		3F7DE5521B5580DB005954FC /* Res */ = {
			isa = PBXGroup;
			children = (
				3F7585DB1B5A96C400192B1C /* tab_messages@2x.png */,
				3F7DE5571B5582CE005954FC /* msg@2x.ico */,
				3F7DE5551B558281005954FC /* msg.ico */,
			);
			name = Res;
			path = ../UatsApp.xcodeproj;
			sourceTree = "<group>";
		};
		3F7DE5611B57BFC1005954FC /* Data */ = {
			isa = PBXGroup;
			children = (
				3F7DE5621B57BFE2005954FC /* Users.swift */,
				3F6560631B5D3BE4001BF3C1 /* History.swift */,
				525762281B676E39008CC78F /* socketManager.swift */,
				5284F05D1B67EABF0038583B /* ReceivedMessageDelegate.swift */,
				3F9B21351B6FED6900D5123E /* FriendList.swift */,
			);
			name = Data;
			sourceTree = "<group>";
		};
		3FD49D3C1B28BC2A0029218E /* Resources */ = {
			isa = PBXGroup;
			children = (
				3F7DE5641B5802AD005954FC /* bck.jpg */,
				3FD49D3D1B28BCC80029218E /* enrollment_background.jpg */,
			);
			name = Resources;
			sourceTree = "<group>";
		};
		581D701BD5ABC6C2E4FD535E /* Pods */ = {
			isa = PBXGroup;
			children = (
				3080E396B577E8F1966CD697 /* Pods.debug.xcconfig */,
				C67D60E815D3BA9C502089EF /* Pods.release.xcconfig */,
			);
			name = Pods;
			sourceTree = "<group>";
		};
		E91833B9ABA142E7327506FB /* Frameworks */ = {
			isa = PBXGroup;
			children = (
				3F8ACEE21B60E2C600B412CC /* Bolts.framework */,
				3F8ACEE31B60E2C600B412CC /* FBSDKCoreKit.framework */,
				3F8ACEE41B60E2C600B412CC /* FBSDKLoginKit.framework */,
				3F8ACEE51B60E2C600B412CC /* FBSDKMessengerShareKit.framework */,
				E6105AEB7DC7FA7B69A9B7C6 /* Pods.framework */,
			);
			name = Frameworks;
			sourceTree = "<group>";
		};
/* End PBXGroup section */

/* Begin PBXNativeTarget section */
		3F1DD7751B28A4310081FE34 /* UatsApp */ = {
			isa = PBXNativeTarget;
			buildConfigurationList = 3F1DD7981B28A4330081FE34 /* Build configuration list for PBXNativeTarget "UatsApp" */;
			buildPhases = (
				362E60AD1BF88645379E98B7 /* Check Pods Manifest.lock */,
				3F1DD7721B28A4310081FE34 /* Sources */,
				3F1DD7731B28A4310081FE34 /* Frameworks */,
				3F1DD7741B28A4310081FE34 /* Resources */,
				E9D2A6B9E44D56FB6886B1FA /* Embed Pods Frameworks */,
				DFDA1B876B31063148ECDED6 /* Copy Pods Resources */,
			);
			buildRules = (
			);
			dependencies = (
			);
			name = UatsApp;
			productName = UatsApp;
			productReference = 3F1DD7761B28A4320081FE34 /* UatsApp.app */;
			productType = "com.apple.product-type.application";
		};
		3F1DD78D1B28A4330081FE34 /* UatsAppTests */ = {
			isa = PBXNativeTarget;
			buildConfigurationList = 3F1DD79B1B28A4330081FE34 /* Build configuration list for PBXNativeTarget "UatsAppTests" */;
			buildPhases = (
				3F1DD78A1B28A4330081FE34 /* Sources */,
				3F1DD78B1B28A4330081FE34 /* Frameworks */,
				3F1DD78C1B28A4330081FE34 /* Resources */,
			);
			buildRules = (
			);
			dependencies = (
				3F1DD7901B28A4330081FE34 /* PBXTargetDependency */,
			);
			name = UatsAppTests;
			productName = UatsAppTests;
			productReference = 3F1DD78E1B28A4330081FE34 /* UatsAppTests.xctest */;
			productType = "com.apple.product-type.bundle.unit-test";
		};
/* End PBXNativeTarget section */

/* Begin PBXProject section */
		3F1DD76E1B28A4310081FE34 /* Project object */ = {
			isa = PBXProject;
			attributes = {
				LastUpgradeCheck = 0630;
				ORGANIZATIONNAME = "Paul Paul";
				TargetAttributes = {
					3F1DD7751B28A4310081FE34 = {
						CreatedOnToolsVersion = 6.3.2;
					};
					3F1DD78D1B28A4330081FE34 = {
						CreatedOnToolsVersion = 6.3.2;
						TestTargetID = 3F1DD7751B28A4310081FE34;
					};
				};
			};
			buildConfigurationList = 3F1DD7711B28A4310081FE34 /* Build configuration list for PBXProject "UatsApp" */;
			compatibilityVersion = "Xcode 3.2";
			developmentRegion = English;
			hasScannedForEncodings = 0;
			knownRegions = (
				en,
				Base,
			);
			mainGroup = 3F1DD76D1B28A4310081FE34;
			productRefGroup = 3F1DD7771B28A4320081FE34 /* Products */;
			projectDirPath = "";
			projectRoot = "";
			targets = (
				3F1DD7751B28A4310081FE34 /* UatsApp */,
				3F1DD78D1B28A4330081FE34 /* UatsAppTests */,
			);
		};
/* End PBXProject section */

/* Begin PBXResourcesBuildPhase section */
		3F1DD7741B28A4310081FE34 /* Resources */ = {
			isa = PBXResourcesBuildPhase;
			buildActionMask = 2147483647;
			files = (
				3F1DD7891B28A4320081FE34 /* LaunchScreen.xib in Resources */,
				3F7DE5651B5802AD005954FC /* bck.jpg in Resources */,
				3F1DD7861B28A4320081FE34 /* Images.xcassets in Resources */,
				3F7DE5581B5582CE005954FC /* msg@2x.ico in Resources */,
				3FD49D3E1B28BCC80029218E /* enrollment_background.jpg in Resources */,
				3FD49D471B28D82D0029218E /* Main.storyboard in Resources */,
				3F7585DC1B5A96C400192B1C /* tab_messages@2x.png in Resources */,
				3F7DE5561B558281005954FC /* msg.ico in Resources */,
			);
			runOnlyForDeploymentPostprocessing = 0;
		};
		3F1DD78C1B28A4330081FE34 /* Resources */ = {
			isa = PBXResourcesBuildPhase;
			buildActionMask = 2147483647;
			files = (
			);
			runOnlyForDeploymentPostprocessing = 0;
		};
/* End PBXResourcesBuildPhase section */

/* Begin PBXShellScriptBuildPhase section */
		362E60AD1BF88645379E98B7 /* Check Pods Manifest.lock */ = {
			isa = PBXShellScriptBuildPhase;
			buildActionMask = 2147483647;
			files = (
			);
			inputPaths = (
			);
			name = "Check Pods Manifest.lock";
			outputPaths = (
			);
			runOnlyForDeploymentPostprocessing = 0;
			shellPath = /bin/sh;
			shellScript = "diff \"${PODS_ROOT}/../Podfile.lock\" \"${PODS_ROOT}/Manifest.lock\" > /dev/null\nif [[ $? != 0 ]] ; then\n    cat << EOM\nerror: The sandbox is not in sync with the Podfile.lock. Run 'pod install' or update your CocoaPods installation.\nEOM\n    exit 1\nfi\n";
			showEnvVarsInLog = 0;
		};
		DFDA1B876B31063148ECDED6 /* Copy Pods Resources */ = {
			isa = PBXShellScriptBuildPhase;
			buildActionMask = 2147483647;
			files = (
			);
			inputPaths = (
			);
			name = "Copy Pods Resources";
			outputPaths = (
			);
			runOnlyForDeploymentPostprocessing = 0;
			shellPath = /bin/sh;
			shellScript = "\"${SRCROOT}/Pods/Target Support Files/Pods/Pods-resources.sh\"\n";
			showEnvVarsInLog = 0;
		};
		E9D2A6B9E44D56FB6886B1FA /* Embed Pods Frameworks */ = {
			isa = PBXShellScriptBuildPhase;
			buildActionMask = 2147483647;
			files = (
			);
			inputPaths = (
			);
			name = "Embed Pods Frameworks";
			outputPaths = (
			);
			runOnlyForDeploymentPostprocessing = 0;
			shellPath = /bin/sh;
			shellScript = "\"${SRCROOT}/Pods/Target Support Files/Pods/Pods-frameworks.sh\"\n";
			showEnvVarsInLog = 0;
		};
/* End PBXShellScriptBuildPhase section */

/* Begin PBXSourcesBuildPhase section */
		3F1DD7721B28A4310081FE34 /* Sources */ = {
			isa = PBXSourcesBuildPhase;
			buildActionMask = 2147483647;
			files = (
				3F1DD7811B28A4320081FE34 /* ViewController.swift in Sources */,
				525762291B676E39008CC78F /* socketManager.swift in Sources */,
				3F7DE5631B57BFE2005954FC /* Users.swift in Sources */,
				3F9B21361B6FED6900D5123E /* FriendList.swift in Sources */,
				3F7DE5601B56C518005954FC /* ChatViewController.swift in Sources */,
				3F154E4A1B7E19B600494114 /* KeyChain.swift in Sources */,
				3F154E491B7E19B600494114 /* KeyChainRequest.swift in Sources */,
				3F8ACEEE1B61323900B412CC /* UatsAppVC.swift in Sources */,
				3F9B21341B6FEA4700D5123E /* FriendListVC.swift in Sources */,
				3F6560641B5D3BE4001BF3C1 /* History.swift in Sources */,
				3FD49D421B28CBE10029218E /* SignupVC.swift in Sources */,
				5284F05E1B67EABF0038583B /* ReceivedMessageDelegate.swift in Sources */,
				3F1DD77F1B28A4320081FE34 /* UatsApp.xcdatamodeld in Sources */,
				3FD49D401B28C9FE0029218E /* LoginVC.swift in Sources */,
				3F7DE55E1B56B8DF005954FC /* UsersListVC.swift in Sources */,
				3F1DD77C1B28A4320081FE34 /* AppDelegate.swift in Sources */,
			);
			runOnlyForDeploymentPostprocessing = 0;
		};
		3F1DD78A1B28A4330081FE34 /* Sources */ = {
			isa = PBXSourcesBuildPhase;
			buildActionMask = 2147483647;
			files = (
				3F1DD7951B28A4330081FE34 /* UatsAppTests.swift in Sources */,
			);
			runOnlyForDeploymentPostprocessing = 0;
		};
/* End PBXSourcesBuildPhase section */

/* Begin PBXTargetDependency section */
		3F1DD7901B28A4330081FE34 /* PBXTargetDependency */ = {
			isa = PBXTargetDependency;
			target = 3F1DD7751B28A4310081FE34 /* UatsApp */;
			targetProxy = 3F1DD78F1B28A4330081FE34 /* PBXContainerItemProxy */;
		};
/* End PBXTargetDependency section */

/* Begin PBXVariantGroup section */
		3F1DD7871B28A4320081FE34 /* LaunchScreen.xib */ = {
			isa = PBXVariantGroup;
			children = (
				3F1DD7881B28A4320081FE34 /* Base */,
			);
			name = LaunchScreen.xib;
			sourceTree = "<group>";
		};
		3FD49D451B28D82D0029218E /* Main.storyboard */ = {
			isa = PBXVariantGroup;
			children = (
				3FD49D461B28D82D0029218E /* Base */,
			);
			name = Main.storyboard;
			sourceTree = "<group>";
		};
/* End PBXVariantGroup section */

/* Begin XCBuildConfiguration section */
		3F1DD7961B28A4330081FE34 /* Debug */ = {
			isa = XCBuildConfiguration;
			buildSettings = {
				ALWAYS_SEARCH_USER_PATHS = NO;
				CLANG_CXX_LANGUAGE_STANDARD = "gnu++0x";
				CLANG_CXX_LIBRARY = "libc++";
				CLANG_ENABLE_MODULES = YES;
				CLANG_ENABLE_OBJC_ARC = YES;
				CLANG_WARN_BOOL_CONVERSION = YES;
				CLANG_WARN_CONSTANT_CONVERSION = YES;
				CLANG_WARN_DIRECT_OBJC_ISA_USAGE = YES_ERROR;
				CLANG_WARN_EMPTY_BODY = YES;
				CLANG_WARN_ENUM_CONVERSION = YES;
				CLANG_WARN_INT_CONVERSION = YES;
				CLANG_WARN_OBJC_ROOT_CLASS = YES_ERROR;
				CLANG_WARN_UNREACHABLE_CODE = YES;
				CLANG_WARN__DUPLICATE_METHOD_MATCH = YES;
				"CODE_SIGN_IDENTITY[sdk=iphoneos*]" = "iPhone Developer";
				COPY_PHASE_STRIP = NO;
				DEBUG_INFORMATION_FORMAT = "dwarf-with-dsym";
				ENABLE_STRICT_OBJC_MSGSEND = YES;
				GCC_C_LANGUAGE_STANDARD = gnu99;
				GCC_DYNAMIC_NO_PIC = NO;
				GCC_NO_COMMON_BLOCKS = YES;
				GCC_OPTIMIZATION_LEVEL = 0;
				GCC_PREPROCESSOR_DEFINITIONS = (
					"DEBUG=1",
					"$(inherited)",
				);
				GCC_SYMBOLS_PRIVATE_EXTERN = NO;
				GCC_WARN_64_TO_32_BIT_CONVERSION = YES;
				GCC_WARN_ABOUT_RETURN_TYPE = YES_ERROR;
				GCC_WARN_UNDECLARED_SELECTOR = YES;
				GCC_WARN_UNINITIALIZED_AUTOS = YES_AGGRESSIVE;
				GCC_WARN_UNUSED_FUNCTION = YES;
				GCC_WARN_UNUSED_VARIABLE = YES;
				IPHONEOS_DEPLOYMENT_TARGET = 8.3;
				MTL_ENABLE_DEBUG_INFO = YES;
				ONLY_ACTIVE_ARCH = YES;
				SDKROOT = iphoneos;
				SWIFT_OPTIMIZATION_LEVEL = "-Onone";
			};
			name = Debug;
		};
		3F1DD7971B28A4330081FE34 /* Release */ = {
			isa = XCBuildConfiguration;
			buildSettings = {
				ALWAYS_SEARCH_USER_PATHS = NO;
				CLANG_CXX_LANGUAGE_STANDARD = "gnu++0x";
				CLANG_CXX_LIBRARY = "libc++";
				CLANG_ENABLE_MODULES = YES;
				CLANG_ENABLE_OBJC_ARC = YES;
				CLANG_WARN_BOOL_CONVERSION = YES;
				CLANG_WARN_CONSTANT_CONVERSION = YES;
				CLANG_WARN_DIRECT_OBJC_ISA_USAGE = YES_ERROR;
				CLANG_WARN_EMPTY_BODY = YES;
				CLANG_WARN_ENUM_CONVERSION = YES;
				CLANG_WARN_INT_CONVERSION = YES;
				CLANG_WARN_OBJC_ROOT_CLASS = YES_ERROR;
				CLANG_WARN_UNREACHABLE_CODE = YES;
				CLANG_WARN__DUPLICATE_METHOD_MATCH = YES;
				"CODE_SIGN_IDENTITY[sdk=iphoneos*]" = "iPhone Developer";
				COPY_PHASE_STRIP = NO;
				DEBUG_INFORMATION_FORMAT = "dwarf-with-dsym";
				ENABLE_NS_ASSERTIONS = NO;
				ENABLE_STRICT_OBJC_MSGSEND = YES;
				GCC_C_LANGUAGE_STANDARD = gnu99;
				GCC_NO_COMMON_BLOCKS = YES;
				GCC_WARN_64_TO_32_BIT_CONVERSION = YES;
				GCC_WARN_ABOUT_RETURN_TYPE = YES_ERROR;
				GCC_WARN_UNDECLARED_SELECTOR = YES;
				GCC_WARN_UNINITIALIZED_AUTOS = YES_AGGRESSIVE;
				GCC_WARN_UNUSED_FUNCTION = YES;
				GCC_WARN_UNUSED_VARIABLE = YES;
				IPHONEOS_DEPLOYMENT_TARGET = 8.3;
				MTL_ENABLE_DEBUG_INFO = NO;
				SDKROOT = iphoneos;
				VALIDATE_PRODUCT = YES;
			};
			name = Release;
		};
		3F1DD7991B28A4330081FE34 /* Debug */ = {
			isa = XCBuildConfiguration;
			baseConfigurationReference = 3080E396B577E8F1966CD697 /* Pods.debug.xcconfig */;
			buildSettings = {
				ASSETCATALOG_COMPILER_APPICON_NAME = AppIcon;
				"CODE_SIGN_IDENTITY[sdk=iphoneos*]" = "iPhone Developer";
				FRAMEWORK_SEARCH_PATHS = (
					"$(inherited)",
					"$(PROJECT_DIR)/UatsApp",
				);
				INFOPLIST_FILE = UatsApp/Info.plist;
				IPHONEOS_DEPLOYMENT_TARGET = 8.3;
				LD_RUNPATH_SEARCH_PATHS = "$(inherited) @executable_path/Frameworks";
				PRODUCT_NAME = "$(TARGET_NAME)";
				SWIFT_OBJC_BRIDGING_HEADER = "UatsApp/Bridging-Header.h";
			};
			name = Debug;
		};
		3F1DD79A1B28A4330081FE34 /* Release */ = {
			isa = XCBuildConfiguration;
			baseConfigurationReference = C67D60E815D3BA9C502089EF /* Pods.release.xcconfig */;
			buildSettings = {
				ASSETCATALOG_COMPILER_APPICON_NAME = AppIcon;
				"CODE_SIGN_IDENTITY[sdk=iphoneos*]" = "iPhone Developer";
				FRAMEWORK_SEARCH_PATHS = (
					"$(inherited)",
					"$(PROJECT_DIR)/UatsApp",
				);
				INFOPLIST_FILE = UatsApp/Info.plist;
				IPHONEOS_DEPLOYMENT_TARGET = 8.3;
				LD_RUNPATH_SEARCH_PATHS = "$(inherited) @executable_path/Frameworks";
				PRODUCT_NAME = "$(TARGET_NAME)";
				SWIFT_OBJC_BRIDGING_HEADER = "UatsApp/Bridging-Header.h";
			};
			name = Release;
		};
		3F1DD79C1B28A4330081FE34 /* Debug */ = {
			isa = XCBuildConfiguration;
			buildSettings = {
				BUNDLE_LOADER = "$(TEST_HOST)";
				FRAMEWORK_SEARCH_PATHS = (
					"$(SDKROOT)/Developer/Library/Frameworks",
					"$(inherited)",
				);
				GCC_PREPROCESSOR_DEFINITIONS = (
					"DEBUG=1",
					"$(inherited)",
				);
				INFOPLIST_FILE = UatsAppTests/Info.plist;
				LD_RUNPATH_SEARCH_PATHS = "$(inherited) @executable_path/Frameworks @loader_path/Frameworks";
				PRODUCT_NAME = "$(TARGET_NAME)";
				TEST_HOST = "$(BUILT_PRODUCTS_DIR)/UatsApp.app/UatsApp";
			};
			name = Debug;
		};
		3F1DD79D1B28A4330081FE34 /* Release */ = {
			isa = XCBuildConfiguration;
			buildSettings = {
				BUNDLE_LOADER = "$(TEST_HOST)";
				FRAMEWORK_SEARCH_PATHS = (
					"$(SDKROOT)/Developer/Library/Frameworks",
					"$(inherited)",
				);
				INFOPLIST_FILE = UatsAppTests/Info.plist;
				LD_RUNPATH_SEARCH_PATHS = "$(inherited) @executable_path/Frameworks @loader_path/Frameworks";
				PRODUCT_NAME = "$(TARGET_NAME)";
				TEST_HOST = "$(BUILT_PRODUCTS_DIR)/UatsApp.app/UatsApp";
			};
			name = Release;
		};
/* End XCBuildConfiguration section */

/* Begin XCConfigurationList section */
		3F1DD7711B28A4310081FE34 /* Build configuration list for PBXProject "UatsApp" */ = {
			isa = XCConfigurationList;
			buildConfigurations = (
				3F1DD7961B28A4330081FE34 /* Debug */,
				3F1DD7971B28A4330081FE34 /* Release */,
			);
			defaultConfigurationIsVisible = 0;
			defaultConfigurationName = Release;
		};
		3F1DD7981B28A4330081FE34 /* Build configuration list for PBXNativeTarget "UatsApp" */ = {
			isa = XCConfigurationList;
			buildConfigurations = (
				3F1DD7991B28A4330081FE34 /* Debug */,
				3F1DD79A1B28A4330081FE34 /* Release */,
			);
			defaultConfigurationIsVisible = 0;
			defaultConfigurationName = Release;
		};
		3F1DD79B1B28A4330081FE34 /* Build configuration list for PBXNativeTarget "UatsAppTests" */ = {
			isa = XCConfigurationList;
			buildConfigurations = (
				3F1DD79C1B28A4330081FE34 /* Debug */,
				3F1DD79D1B28A4330081FE34 /* Release */,
			);
			defaultConfigurationIsVisible = 0;
			defaultConfigurationName = Release;
		};
/* End XCConfigurationList section */

/* Begin XCVersionGroup section */
		3F1DD77D1B28A4320081FE34 /* UatsApp.xcdatamodeld */ = {
			isa = XCVersionGroup;
			children = (
				3F1DD77E1B28A4320081FE34 /* UatsApp.xcdatamodel */,
			);
			currentVersion = 3F1DD77E1B28A4320081FE34 /* UatsApp.xcdatamodel */;
			path = UatsApp.xcdatamodeld;
			sourceTree = "<group>";
			versionGroupType = wrapper.xcdatamodel;
		};
/* End XCVersionGroup section */
	};
	rootObject = 3F1DD76E1B28A4310081FE34 /* Project object */;
}
