PODS:
  - Alamofire (3.1.0)
  - Crashlytics (3.3.4)
  - Fabric (1.5.5):
    - Fabric/Base (= 1.5.5)
  - Fabric/Base (1.5.5)
  - Starscream (1.0.1)

DEPENDENCIES:
  - Alamofire
  - Crashlytics
  - Fabric
  - Starscream

SPEC CHECKSUMS:
  Alamofire: 415bd7f56197722978759078486689f7ef913dce
  Crashlytics: 41c082440d2e14da444186fff65e79c0b4b35d4c
  Fabric: 190bf1a6eb65f7500de1347d027d2e59a7e53db1
  Starscream: 7b731637cd167ed5a059331f52c0254b1aa69095

COCOAPODS: 0.38.2
