PODS:
  - Alamofire (2.0.0)
  - Crashlytics (3.3.1)
  - Fabric (1.5.1):
    - Fabric/Base (= 1.5.1)
  - Fabric/Base (1.5.1)
  - Starscream (0.9.6)

DEPENDENCIES:
  - Alamofire (~> 2.0)
  - Crashlytics
  - Fabric
  - Starscream (~> 0.9.4)

SPEC CHECKSUMS:
  Alamofire: 2f13548b29d25a58ecd91c9225fb51493e2b782b
  Crashlytics: 0e61bdda9def51f1e99720f804eebe94865442b2
  Fabric: 03c3b3fe77e11a2bc31421b989a9c7adaa4779a5
  Starscream: 347fcaf3e2555e72a031ccf4a4fb483d5acad05d

COCOAPODS: 0.38.2
